
Microsoft Visual Studio Solution File, Format Version 12.00
# Visual Studio Version 16
VisualStudioVersion = 16.0.29123.88
MinimumVisualStudioVersion = 15.0.26124.0
Project("{9A19103F-16F7-4668-BE54-9A1E7A4F7556}") = "HttpBuilders", "HttpBuilders\HttpBuilders.csproj", "{D47FDDF9-B47A-411C-B6A0-F59A6C9555F6}"
EndProject
Project("{9A19103F-16F7-4668-BE54-9A1E7A4F7556}") = "HttpBuilders.Examples", "HttpBuilders.Examples\HttpBuilders.Examples.csproj", "{276D1EB6-57A2-4808-AC3F-DCC14E996C30}"
EndProject
Project("{9A19103F-16F7-4668-BE54-9A1E7A4F7556}") = "HttpBuilders.Tests", "HttpBuilders.Tests\HttpBuilders.Tests.csproj", "{24047F09-FAE0-4920-BFDB-0D8D3064B403}"
EndProject
Project("{2150E333-8FDC-42A3-9474-1A3956D46DE8}") = "Items", "Items", "{EF1D19B3-97F1-4504-95AB-BE249F5BF29A}"
	ProjectSection(SolutionItems) = preProject
		..\Directory.Build.props = ..\Directory.Build.props
		..\Global.ruleset = ..\Global.ruleset
		..\README.md = ..\README.md
	EndProjectSection
EndProject
Global
	GlobalSection(SolutionConfigurationPlatforms) = preSolution
		Debug|Any CPU = Debug|Any CPU
		Debug|x64 = Debug|x64
		Debug|x86 = Debug|x86
		Release|Any CPU = Release|Any CPU
		Release|x64 = Release|x64
		Release|x86 = Release|x86
	EndGlobalSection
	GlobalSection(ProjectConfigurationPlatforms) = postSolution
		{D47FDDF9-B47A-411C-B6A0-F59A6C9555F6}.Debug|Any CPU.ActiveCfg = Debug|Any CPU
		{D47FDDF9-B47A-411C-B6A0-F59A6C9555F6}.Debug|Any CPU.Build.0 = Debug|Any CPU
		{D47FDDF9-B47A-411C-B6A0-F59A6C9555F6}.Debug|x64.ActiveCfg = Debug|Any CPU
		{D47FDDF9-B47A-411C-B6A0-F59A6C9555F6}.Debug|x64.Build.0 = Debug|Any CPU
		{D47FDDF9-B47A-411C-B6A0-F59A6C9555F6}.Debug|x86.ActiveCfg = Debug|Any CPU
		{D47FDDF9-B47A-411C-B6A0-F59A6C9555F6}.Debug|x86.Build.0 = Debug|Any CPU
		{D47FDDF9-B47A-411C-B6A0-F59A6C9555F6}.Release|Any CPU.ActiveCfg = Release|Any CPU
		{D47FDDF9-B47A-411C-B6A0-F59A6C9555F6}.Release|Any CPU.Build.0 = Release|Any CPU
		{D47FDDF9-B47A-411C-B6A0-F59A6C9555F6}.Release|x64.ActiveCfg = Release|Any CPU
		{D47FDDF9-B47A-411C-B6A0-F59A6C9555F6}.Release|x64.Build.0 = Release|Any CPU
		{D47FDDF9-B47A-411C-B6A0-F59A6C9555F6}.Release|x86.ActiveCfg = Release|Any CPU
		{D47FDDF9-B47A-411C-B6A0-F59A6C9555F6}.Release|x86.Build.0 = Release|Any CPU
		{276D1EB6-57A2-4808-AC3F-DCC14E996C30}.Debug|Any CPU.ActiveCfg = Debug|Any CPU
		{276D1EB6-57A2-4808-AC3F-DCC14E996C30}.Debug|Any CPU.Build.0 = Debug|Any CPU
		{276D1EB6-57A2-4808-AC3F-DCC14E996C30}.Debug|x64.ActiveCfg = Debug|Any CPU
		{276D1EB6-57A2-4808-AC3F-DCC14E996C30}.Debug|x64.Build.0 = Debug|Any CPU
		{276D1EB6-57A2-4808-AC3F-DCC14E996C30}.Debug|x86.ActiveCfg = Debug|Any CPU
		{276D1EB6-57A2-4808-AC3F-DCC14E996C30}.Debug|x86.Build.0 = Debug|Any CPU
		{276D1EB6-57A2-4808-AC3F-DCC14E996C30}.Release|Any CPU.ActiveCfg = Release|Any CPU
		{276D1EB6-57A2-4808-AC3F-DCC14E996C30}.Release|Any CPU.Build.0 = Release|Any CPU
		{276D1EB6-57A2-4808-AC3F-DCC14E996C30}.Release|x64.ActiveCfg = Release|Any CPU
		{276D1EB6-57A2-4808-AC3F-DCC14E996C30}.Release|x64.Build.0 = Release|Any CPU
		{276D1EB6-57A2-4808-AC3F-DCC14E996C30}.Release|x86.ActiveCfg = Release|Any CPU
		{276D1EB6-57A2-4808-AC3F-DCC14E996C30}.Release|x86.Build.0 = Release|Any CPU
		{24047F09-FAE0-4920-BFDB-0D8D3064B403}.Debug|Any CPU.ActiveCfg = Debug|Any CPU
		{24047F09-FAE0-4920-BFDB-0D8D3064B403}.Debug|Any CPU.Build.0 = Debug|Any CPU
		{24047F09-FAE0-4920-BFDB-0D8D3064B403}.Debug|x64.ActiveCfg = Debug|Any CPU
		{24047F09-FAE0-4920-BFDB-0D8D3064B403}.Debug|x64.Build.0 = Debug|Any CPU
		{24047F09-FAE0-4920-BFDB-0D8D3064B403}.Debug|x86.ActiveCfg = Debug|Any CPU
		{24047F09-FAE0-4920-BFDB-0D8D3064B403}.Debug|x86.Build.0 = Debug|Any CPU
		{24047F09-FAE0-4920-BFDB-0D8D3064B403}.Release|Any CPU.ActiveCfg = Release|Any CPU
		{24047F09-FAE0-4920-BFDB-0D8D3064B403}.Release|Any CPU.Build.0 = Release|Any CPU
		{24047F09-FAE0-4920-BFDB-0D8D3064B403}.Release|x64.ActiveCfg = Release|Any CPU
		{24047F09-FAE0-4920-BFDB-0D8D3064B403}.Release|x64.Build.0 = Release|Any CPU
		{24047F09-FAE0-4920-BFDB-0D8D3064B403}.Release|x86.ActiveCfg = Release|Any CPU
		{24047F09-FAE0-4920-BFDB-0D8D3064B403}.Release|x86.Build.0 = Release|Any CPU
	EndGlobalSection
	GlobalSection(SolutionProperties) = preSolution
		HideSolutionNode = FALSE
	EndGlobalSection
	GlobalSection(ExtensibilityGlobals) = postSolution
		SolutionGuid = {A9354605-C154-495A-B990-F6AB329CDE39}
	EndGlobalSection
EndGlobal
